
Microsoft Visual Studio Solution File, Format Version 12.00
# Visual Studio Version 17
VisualStudioVersion = 17.11.35312.102
MinimumVisualStudioVersion = 10.0.40219.1
Project("{FAE04EC0-301F-11D3-BF4B-00C04F79EFBC}") = "Bulk Solution Exporter", "Bulk Solution Exporter\Bulk Solution Exporter.csproj", "{1CB7EF9B-B7DC-4E6A-8F2F-F97C448B9CD3}"
EndProject
Global
	GlobalSection(SolutionConfigurationPlatforms) = preSolution
		Debug|Any CPU = Debug|Any CPU
		Release|Any CPU = Release|Any CPU
	EndGlobalSection
	GlobalSection(ProjectConfigurationPlatforms) = postSolution
		{1CB7EF9B-B7DC-4E6A-8F2F-F97C448B9CD3}.Debug|Any CPU.ActiveCfg = Debug|Any CPU
		{1CB7EF9B-B7DC-4E6A-8F2F-F97C448B9CD3}.Debug|Any CPU.Build.0 = Debug|Any CPU
		{1CB7EF9B-B7DC-4E6A-8F2F-F97C448B9CD3}.Release|Any CPU.ActiveCfg = Release|Any CPU
		{1CB7EF9B-B7DC-4E6A-8F2F-F97C448B9CD3}.Release|Any CPU.Build.0 = Release|Any CPU
	EndGlobalSection
	GlobalSection(SolutionProperties) = preSolution
		HideSolutionNode = FALSE
	EndGlobalSection
	GlobalSection(ExtensibilityGlobals) = postSolution
		SolutionGuid = {26551FF2-AC63-4F5A-AEF2-199E8DA28BBA}
	EndGlobalSection
EndGlobal
